
Microsoft Visual Studio Solution File, Format Version 12.00
# Visual Studio Version 16
VisualStudioVersion = 16.0.29709.97
MinimumVisualStudioVersion = 10.0.40219.1
Project("{9A19103F-16F7-4668-BE54-9A1E7A4F7556}") = "CompilableRegexp", "CompilableRegexp.csproj", "{7462210C-AE5F-4127-95FB-8EDD6601586E}"
EndProject
Project("{FAE04EC0-301F-11D3-BF4B-00C04F79EFBC}") = "CompilableRegexpTests", "..\CompilableRegexpTEsts\CompilableRegexpTests.csproj", "{22330E50-B1F0-463A-8674-3404F93A0C27}"
EndProject
Global
	GlobalSection(SolutionConfigurationPlatforms) = preSolution
		Debug|Any CPU = Debug|Any CPU
		Debug|x64 = Debug|x64
		Release|Any CPU = Release|Any CPU
		Release|x64 = Release|x64
	EndGlobalSection
	GlobalSection(ProjectConfigurationPlatforms) = postSolution
		{7462210C-AE5F-4127-95FB-8EDD6601586E}.Debug|Any CPU.ActiveCfg = Debug|Any CPU
		{7462210C-AE5F-4127-95FB-8EDD6601586E}.Debug|Any CPU.Build.0 = Debug|Any CPU
		{7462210C-AE5F-4127-95FB-8EDD6601586E}.Debug|x64.ActiveCfg = Debug|Any CPU
		{7462210C-AE5F-4127-95FB-8EDD6601586E}.Debug|x64.Build.0 = Debug|Any CPU
		{7462210C-AE5F-4127-95FB-8EDD6601586E}.Release|Any CPU.ActiveCfg = Release|Any CPU
		{7462210C-AE5F-4127-95FB-8EDD6601586E}.Release|Any CPU.Build.0 = Release|Any CPU
		{7462210C-AE5F-4127-95FB-8EDD6601586E}.Release|x64.ActiveCfg = Release|Any CPU
		{7462210C-AE5F-4127-95FB-8EDD6601586E}.Release|x64.Build.0 = Release|Any CPU
		{22330E50-B1F0-463A-8674-3404F93A0C27}.Debug|Any CPU.ActiveCfg = Debug|Any CPU
		{22330E50-B1F0-463A-8674-3404F93A0C27}.Debug|Any CPU.Build.0 = Debug|Any CPU
		{22330E50-B1F0-463A-8674-3404F93A0C27}.Debug|x64.ActiveCfg = Debug|Any CPU
		{22330E50-B1F0-463A-8674-3404F93A0C27}.Debug|x64.Build.0 = Debug|Any CPU
		{22330E50-B1F0-463A-8674-3404F93A0C27}.Release|Any CPU.ActiveCfg = Release|Any CPU
		{22330E50-B1F0-463A-8674-3404F93A0C27}.Release|Any CPU.Build.0 = Release|Any CPU
		{22330E50-B1F0-463A-8674-3404F93A0C27}.Release|x64.ActiveCfg = Release|Any CPU
		{22330E50-B1F0-463A-8674-3404F93A0C27}.Release|x64.Build.0 = Release|Any CPU
	EndGlobalSection
	GlobalSection(SolutionProperties) = preSolution
		HideSolutionNode = FALSE
	EndGlobalSection
	GlobalSection(ExtensibilityGlobals) = postSolution
		SolutionGuid = {682CA01E-BCB4-4291-87A4-2EB739C2EDF7}
	EndGlobalSection
EndGlobal
